
Microsoft Visual Studio Solution File, Format Version 12.00
# Visual Studio 15
VisualStudioVersion = 15.0.26124.0
MinimumVisualStudioVersion = 15.0.26124.0
Project("{2150E333-8FDC-42A3-9474-1A3956D46DE8}") = "src", "src", "{8FBA82C2-11DA-417E-9C68-EB2CD7BEA37A}"
EndProject
Project("{FAE04EC0-301F-11D3-BF4B-00C04F79EFBC}") = "StoreOfBuild.Domain", "src\StoreOfBuild.Domain\StoreOfBuild.Domain.csproj", "{C8693397-18BD-485B-AC86-327968525F60}"
EndProject
Project("{FAE04EC0-301F-11D3-BF4B-00C04F79EFBC}") = "StoreOfBuild.Web", "src\StoreOfBuild.Web\StoreOfBuild.Web.csproj", "{D4E1C653-9397-47D8-86F1-7A8D20BB9D7F}"
EndProject
Global
	GlobalSection(SolutionConfigurationPlatforms) = preSolution
		Debug|Any CPU = Debug|Any CPU
		Debug|x64 = Debug|x64
		Debug|x86 = Debug|x86
		Release|Any CPU = Release|Any CPU
		Release|x64 = Release|x64
		Release|x86 = Release|x86
	EndGlobalSection
	GlobalSection(SolutionProperties) = preSolution
		HideSolutionNode = FALSE
	EndGlobalSection
	GlobalSection(ProjectConfigurationPlatforms) = postSolution
		{C8693397-18BD-485B-AC86-327968525F60}.Debug|Any CPU.ActiveCfg = Debug|Any CPU
		{C8693397-18BD-485B-AC86-327968525F60}.Debug|Any CPU.Build.0 = Debug|Any CPU
		{C8693397-18BD-485B-AC86-327968525F60}.Debug|x64.ActiveCfg = Debug|x64
		{C8693397-18BD-485B-AC86-327968525F60}.Debug|x64.Build.0 = Debug|x64
		{C8693397-18BD-485B-AC86-327968525F60}.Debug|x86.ActiveCfg = Debug|x86
		{C8693397-18BD-485B-AC86-327968525F60}.Debug|x86.Build.0 = Debug|x86
		{C8693397-18BD-485B-AC86-327968525F60}.Release|Any CPU.ActiveCfg = Release|Any CPU
		{C8693397-18BD-485B-AC86-327968525F60}.Release|Any CPU.Build.0 = Release|Any CPU
		{C8693397-18BD-485B-AC86-327968525F60}.Release|x64.ActiveCfg = Release|x64
		{C8693397-18BD-485B-AC86-327968525F60}.Release|x64.Build.0 = Release|x64
		{C8693397-18BD-485B-AC86-327968525F60}.Release|x86.ActiveCfg = Release|x86
		{C8693397-18BD-485B-AC86-327968525F60}.Release|x86.Build.0 = Release|x86
		{BD5074A1-9803-4798-AA1B-4F6AC78AE9CB}.Debug|Any CPU.ActiveCfg = Debug|Any CPU
		{BD5074A1-9803-4798-AA1B-4F6AC78AE9CB}.Debug|Any CPU.Build.0 = Debug|Any CPU
		{BD5074A1-9803-4798-AA1B-4F6AC78AE9CB}.Debug|x64.ActiveCfg = Debug|x64
		{BD5074A1-9803-4798-AA1B-4F6AC78AE9CB}.Debug|x64.Build.0 = Debug|x64
		{BD5074A1-9803-4798-AA1B-4F6AC78AE9CB}.Debug|x86.ActiveCfg = Debug|x86
		{BD5074A1-9803-4798-AA1B-4F6AC78AE9CB}.Debug|x86.Build.0 = Debug|x86
		{BD5074A1-9803-4798-AA1B-4F6AC78AE9CB}.Release|Any CPU.ActiveCfg = Release|Any CPU
		{BD5074A1-9803-4798-AA1B-4F6AC78AE9CB}.Release|Any CPU.Build.0 = Release|Any CPU
		{BD5074A1-9803-4798-AA1B-4F6AC78AE9CB}.Release|x64.ActiveCfg = Release|x64
		{BD5074A1-9803-4798-AA1B-4F6AC78AE9CB}.Release|x64.Build.0 = Release|x64
		{BD5074A1-9803-4798-AA1B-4F6AC78AE9CB}.Release|x86.ActiveCfg = Release|x86
		{BD5074A1-9803-4798-AA1B-4F6AC78AE9CB}.Release|x86.Build.0 = Release|x86
		{D4E1C653-9397-47D8-86F1-7A8D20BB9D7F}.Debug|Any CPU.ActiveCfg = Debug|Any CPU
		{D4E1C653-9397-47D8-86F1-7A8D20BB9D7F}.Debug|Any CPU.Build.0 = Debug|Any CPU
		{D4E1C653-9397-47D8-86F1-7A8D20BB9D7F}.Debug|x64.ActiveCfg = Debug|x64
		{D4E1C653-9397-47D8-86F1-7A8D20BB9D7F}.Debug|x64.Build.0 = Debug|x64
		{D4E1C653-9397-47D8-86F1-7A8D20BB9D7F}.Debug|x86.ActiveCfg = Debug|x86
		{D4E1C653-9397-47D8-86F1-7A8D20BB9D7F}.Debug|x86.Build.0 = Debug|x86
		{D4E1C653-9397-47D8-86F1-7A8D20BB9D7F}.Release|Any CPU.ActiveCfg = Release|Any CPU
		{D4E1C653-9397-47D8-86F1-7A8D20BB9D7F}.Release|Any CPU.Build.0 = Release|Any CPU
		{D4E1C653-9397-47D8-86F1-7A8D20BB9D7F}.Release|x64.ActiveCfg = Release|x64
		{D4E1C653-9397-47D8-86F1-7A8D20BB9D7F}.Release|x64.Build.0 = Release|x64
		{D4E1C653-9397-47D8-86F1-7A8D20BB9D7F}.Release|x86.ActiveCfg = Release|x86
		{D4E1C653-9397-47D8-86F1-7A8D20BB9D7F}.Release|x86.Build.0 = Release|x86
	EndGlobalSection
	GlobalSection(NestedProjects) = preSolution
		{C8693397-18BD-485B-AC86-327968525F60} = {8FBA82C2-11DA-417E-9C68-EB2CD7BEA37A}
		{BD5074A1-9803-4798-AA1B-4F6AC78AE9CB} = {8FBA82C2-11DA-417E-9C68-EB2CD7BEA37A}
		{D4E1C653-9397-47D8-86F1-7A8D20BB9D7F} = {8FBA82C2-11DA-417E-9C68-EB2CD7BEA37A}
	EndGlobalSection
EndGlobal
